
Microsoft Visual Studio Solution File, Format Version 12.00
# Visual Studio Version 17
VisualStudioVersion = 17.4.33205.214
MinimumVisualStudioVersion = 10.0.40219.1
Project("{9A19103F-16F7-4668-BE54-9A1E7A4F7556}") = "gRPC.Client", "client\gRPC.Client\gRPC.Client.csproj", "{3E391047-D25F-4FAD-9C73-757EF8F2ABAD}"
EndProject
Project("{9A19103F-16F7-4668-BE54-9A1E7A4F7556}") = "gRPC.Server", "server\gRPC.Server\gRPC.Server.csproj", "{12720A4F-85F8-4A50-90AB-C60BB07D4F5A}"
EndProject
Project("{2150E333-8FDC-42A3-9474-1A3956D46DE8}") = "Protos", "Protos", "{EA1435BE-ED15-42A6-8B52-6C79EDA04996}"
	ProjectSection(SolutionItems) = preProject
		Protos\greet.proto = Protos\greet.proto
		Protos\greeting.proto = Protos\greeting.proto
		Protos\max.proto = Protos\max.proto
		Protos\prime.proto = Protos\prime.proto
		Protos\test.proto = Protos\test.proto
	EndProjectSection
EndProject
Global
	GlobalSection(SolutionConfigurationPlatforms) = preSolution
		Debug|Any CPU = Debug|Any CPU
		Release|Any CPU = Release|Any CPU
	EndGlobalSection
	GlobalSection(ProjectConfigurationPlatforms) = postSolution
		{3E391047-D25F-4FAD-9C73-757EF8F2ABAD}.Debug|Any CPU.ActiveCfg = Debug|Any CPU
		{3E391047-D25F-4FAD-9C73-757EF8F2ABAD}.Debug|Any CPU.Build.0 = Debug|Any CPU
		{3E391047-D25F-4FAD-9C73-757EF8F2ABAD}.Release|Any CPU.ActiveCfg = Release|Any CPU
		{3E391047-D25F-4FAD-9C73-757EF8F2ABAD}.Release|Any CPU.Build.0 = Release|Any CPU
		{12720A4F-85F8-4A50-90AB-C60BB07D4F5A}.Debug|Any CPU.ActiveCfg = Debug|Any CPU
		{12720A4F-85F8-4A50-90AB-C60BB07D4F5A}.Debug|Any CPU.Build.0 = Debug|Any CPU
		{12720A4F-85F8-4A50-90AB-C60BB07D4F5A}.Release|Any CPU.ActiveCfg = Release|Any CPU
		{12720A4F-85F8-4A50-90AB-C60BB07D4F5A}.Release|Any CPU.Build.0 = Release|Any CPU
	EndGlobalSection
	GlobalSection(SolutionProperties) = preSolution
		HideSolutionNode = FALSE
	EndGlobalSection
	GlobalSection(ExtensibilityGlobals) = postSolution
		SolutionGuid = {07B01B5E-9701-480C-889A-B589E28F750A}
	EndGlobalSection
EndGlobal
